
Microsoft Visual Studio Solution File, Format Version 12.00
# Visual Studio Version 17
VisualStudioVersion = 17.5.33530.505
MinimumVisualStudioVersion = 10.0.40219.1
Project("{2150E333-8FDC-42A3-9474-1A3956D46DE8}") = "Solution Items", "Solution Items", "{7DE27412-FC8C-4D94-BC33-60EC6A4370A3}"
	ProjectSection(SolutionItems) = preProject
		README.md = README.md
	EndProjectSection
EndProject
Project("{9A19103F-16F7-4668-BE54-9A1E7A4F7556}") = "NetBaseConsole", "NetBaseConsole\NetBaseConsole.csproj", "{7A3B6CC5-CBEB-42DE-B646-A150ACD90339}"
EndProject
Project("{9A19103F-16F7-4668-BE54-9A1E7A4F7556}") = "NetBaseWebMvc", "NetBaseWebMvc\NetBaseWebMvc.csproj", "{5FC78FE0-2019-4855-BA40-7ABDBC8B7484}"
EndProject
Project("{FAE04EC0-301F-11D3-BF4B-00C04F79EFBC}") = "NetFwBaseConsole", "NetFwBaseConsole\NetFwBaseConsole.csproj", "{382BDAF6-10BC-4374-ADBD-2ACC7CFDBF88}"
EndProject
Project("{FAE04EC0-301F-11D3-BF4B-00C04F79EFBC}") = "NetFwBaseWebMvc", "NetFwBaseWebMvc\NetFwBaseWebMvc.csproj", "{2A31956B-3C0A-4FFD-8319-46D4C0638BE8}"
EndProject
Project("{9A19103F-16F7-4668-BE54-9A1E7A4F7556}") = "NetBaseWebApi", "NetBaseWebApi\NetBaseWebApi.csproj", "{A7FD7ADE-75E1-424E-8AA1-E0222CC75757}"
EndProject
Global
	GlobalSection(SolutionConfigurationPlatforms) = preSolution
		Debug|Any CPU = Debug|Any CPU
		Release|Any CPU = Release|Any CPU
	EndGlobalSection
	GlobalSection(ProjectConfigurationPlatforms) = postSolution
		{7A3B6CC5-CBEB-42DE-B646-A150ACD90339}.Debug|Any CPU.ActiveCfg = Debug|Any CPU
		{7A3B6CC5-CBEB-42DE-B646-A150ACD90339}.Debug|Any CPU.Build.0 = Debug|Any CPU
		{7A3B6CC5-CBEB-42DE-B646-A150ACD90339}.Release|Any CPU.ActiveCfg = Release|Any CPU
		{7A3B6CC5-CBEB-42DE-B646-A150ACD90339}.Release|Any CPU.Build.0 = Release|Any CPU
		{5FC78FE0-2019-4855-BA40-7ABDBC8B7484}.Debug|Any CPU.ActiveCfg = Debug|Any CPU
		{5FC78FE0-2019-4855-BA40-7ABDBC8B7484}.Debug|Any CPU.Build.0 = Debug|Any CPU
		{5FC78FE0-2019-4855-BA40-7ABDBC8B7484}.Release|Any CPU.ActiveCfg = Release|Any CPU
		{5FC78FE0-2019-4855-BA40-7ABDBC8B7484}.Release|Any CPU.Build.0 = Release|Any CPU
		{382BDAF6-10BC-4374-ADBD-2ACC7CFDBF88}.Debug|Any CPU.ActiveCfg = Debug|Any CPU
		{382BDAF6-10BC-4374-ADBD-2ACC7CFDBF88}.Debug|Any CPU.Build.0 = Debug|Any CPU
		{382BDAF6-10BC-4374-ADBD-2ACC7CFDBF88}.Release|Any CPU.ActiveCfg = Release|Any CPU
		{382BDAF6-10BC-4374-ADBD-2ACC7CFDBF88}.Release|Any CPU.Build.0 = Release|Any CPU
		{2A31956B-3C0A-4FFD-8319-46D4C0638BE8}.Debug|Any CPU.ActiveCfg = Debug|Any CPU
		{2A31956B-3C0A-4FFD-8319-46D4C0638BE8}.Debug|Any CPU.Build.0 = Debug|Any CPU
		{2A31956B-3C0A-4FFD-8319-46D4C0638BE8}.Release|Any CPU.ActiveCfg = Release|Any CPU
		{2A31956B-3C0A-4FFD-8319-46D4C0638BE8}.Release|Any CPU.Build.0 = Release|Any CPU
		{A7FD7ADE-75E1-424E-8AA1-E0222CC75757}.Debug|Any CPU.ActiveCfg = Debug|Any CPU
		{A7FD7ADE-75E1-424E-8AA1-E0222CC75757}.Debug|Any CPU.Build.0 = Debug|Any CPU
		{A7FD7ADE-75E1-424E-8AA1-E0222CC75757}.Release|Any CPU.ActiveCfg = Release|Any CPU
		{A7FD7ADE-75E1-424E-8AA1-E0222CC75757}.Release|Any CPU.Build.0 = Release|Any CPU
	EndGlobalSection
	GlobalSection(SolutionProperties) = preSolution
		HideSolutionNode = FALSE
	EndGlobalSection
	GlobalSection(ExtensibilityGlobals) = postSolution
		SolutionGuid = {FD068D5E-9882-4A86-B912-AD1DB414DA92}
	EndGlobalSection
EndGlobal
