
Microsoft Visual Studio Solution File, Format Version 12.00
# Visual Studio Version 17
VisualStudioVersion = 17.4.33205.214
MinimumVisualStudioVersion = 10.0.40219.1
Project("{FAE04EC0-301F-11D3-BF4B-00C04F79EFBC}") = "Api", "Api\Api.csproj", "{C9EBCE91-57D2-4C23-8B87-809911767B0F}"
EndProject
Project("{FAE04EC0-301F-11D3-BF4B-00C04F79EFBC}") = "Api.Contracts", "Api.Contracts\Api.Contracts.csproj", "{D36B3A59-35CB-46F6-97B2-F5BBEE37040F}"
EndProject
Project("{FAE04EC0-301F-11D3-BF4B-00C04F79EFBC}") = "Api.Entities", "Api.Entities\Api.Entities.csproj", "{47D14693-F418-4129-BEDA-CED92F730DCB}"
EndProject
Project("{FAE04EC0-301F-11D3-BF4B-00C04F79EFBC}") = "Api.Repository", "Api.Repository\Api.Repository.csproj", "{6E8F6706-34E6-4C69-94AB-0ACA0EA66D23}"
EndProject
Global
	GlobalSection(SolutionConfigurationPlatforms) = preSolution
		Debug|Any CPU = Debug|Any CPU
		Release|Any CPU = Release|Any CPU
	EndGlobalSection
	GlobalSection(ProjectConfigurationPlatforms) = postSolution
		{C9EBCE91-57D2-4C23-8B87-809911767B0F}.Debug|Any CPU.ActiveCfg = Debug|Any CPU
		{C9EBCE91-57D2-4C23-8B87-809911767B0F}.Debug|Any CPU.Build.0 = Debug|Any CPU
		{C9EBCE91-57D2-4C23-8B87-809911767B0F}.Release|Any CPU.ActiveCfg = Release|Any CPU
		{C9EBCE91-57D2-4C23-8B87-809911767B0F}.Release|Any CPU.Build.0 = Release|Any CPU
		{D36B3A59-35CB-46F6-97B2-F5BBEE37040F}.Debug|Any CPU.ActiveCfg = Debug|Any CPU
		{D36B3A59-35CB-46F6-97B2-F5BBEE37040F}.Debug|Any CPU.Build.0 = Debug|Any CPU
		{D36B3A59-35CB-46F6-97B2-F5BBEE37040F}.Release|Any CPU.ActiveCfg = Release|Any CPU
		{D36B3A59-35CB-46F6-97B2-F5BBEE37040F}.Release|Any CPU.Build.0 = Release|Any CPU
		{47D14693-F418-4129-BEDA-CED92F730DCB}.Debug|Any CPU.ActiveCfg = Debug|Any CPU
		{47D14693-F418-4129-BEDA-CED92F730DCB}.Debug|Any CPU.Build.0 = Debug|Any CPU
		{47D14693-F418-4129-BEDA-CED92F730DCB}.Release|Any CPU.ActiveCfg = Release|Any CPU
		{47D14693-F418-4129-BEDA-CED92F730DCB}.Release|Any CPU.Build.0 = Release|Any CPU
		{6E8F6706-34E6-4C69-94AB-0ACA0EA66D23}.Debug|Any CPU.ActiveCfg = Debug|Any CPU
		{6E8F6706-34E6-4C69-94AB-0ACA0EA66D23}.Debug|Any CPU.Build.0 = Debug|Any CPU
		{6E8F6706-34E6-4C69-94AB-0ACA0EA66D23}.Release|Any CPU.ActiveCfg = Release|Any CPU
		{6E8F6706-34E6-4C69-94AB-0ACA0EA66D23}.Release|Any CPU.Build.0 = Release|Any CPU
	EndGlobalSection
	GlobalSection(SolutionProperties) = preSolution
		HideSolutionNode = FALSE
	EndGlobalSection
	GlobalSection(ExtensibilityGlobals) = postSolution
		SolutionGuid = {DB17AC29-E104-4C2C-AAE2-FCE7276446A7}
	EndGlobalSection
EndGlobal
