
Microsoft Visual Studio Solution File, Format Version 12.00
# Visual Studio Version 17
VisualStudioVersion = 17.6.33815.320
MinimumVisualStudioVersion = 10.0.40219.1
Project("{FAE04EC0-301F-11D3-BF4B-00C04F79EFBC}") = "NetFwApi", "NetFwApi\NetFwApi.csproj", "{D16A0D7F-5F4D-450B-84C6-6EBE59AE9EB1}"
EndProject
Project("{2150E333-8FDC-42A3-9474-1A3956D46DE8}") = "net", "net", "{9605363E-7F57-4F8C-A6AF-B6943C403241}"
EndProject
Project("{2150E333-8FDC-42A3-9474-1A3956D46DE8}") = "netfw", "netfw", "{F455402B-AB51-4589-8BDD-4C54E979827C}"
EndProject
Project("{9A19103F-16F7-4668-BE54-9A1E7A4F7556}") = "NetApi.Common", "NetApi.Common\NetApi.Common.csproj", "{2785B37C-B4A1-436D-92B9-CA2EC55FBCD1}"
EndProject
Project("{FAE04EC0-301F-11D3-BF4B-00C04F79EFBC}") = "NetFwApi.Common", "NetFwApi.Common\NetFwApi.Common.csproj", "{187CEBCD-6E8B-4181-A9F4-252DB2793F9A}"
EndProject
Project("{9A19103F-16F7-4668-BE54-9A1E7A4F7556}") = "NetApi.Client", "NetApi.Client\NetApi.Client.csproj", "{333E5F8B-4E30-4C0F-8CC5-B0644296C1CF}"
EndProject
Project("{FAE04EC0-301F-11D3-BF4B-00C04F79EFBC}") = "NetFwApi.Client", "NetFwApi.Client\NetFwApi.Client.csproj", "{C7B0D4A6-C564-4B29-9468-AD5355AA0D26}"
EndProject
Project("{2150E333-8FDC-42A3-9474-1A3956D46DE8}") = "Solution Items", "Solution Items", "{8157D956-C933-43CA-A093-0B90F55797C0}"
	ProjectSection(SolutionItems) = preProject
		README.md = README.md
	EndProjectSection
EndProject
Project("{FAE04EC0-301F-11D3-BF4B-00C04F79EFBC}") = "NetApiCon", "NetApiCon\NetApiCon.csproj", "{E38822A9-D85E-4039-902E-CE06D23E9B89}"
EndProject
Project("{FAE04EC0-301F-11D3-BF4B-00C04F79EFBC}") = "NetApiMin", "NetApiMin\NetApiMin.csproj", "{1F0FB3FA-71C5-468F-B353-750E0F0DB4E1}"
EndProject
Project("{2150E333-8FDC-42A3-9474-1A3956D46DE8}") = "shared", "shared", "{2AF2E3D9-C75E-4539-8D70-E20267028619}"
EndProject
Project("{FAE04EC0-301F-11D3-BF4B-00C04F79EFBC}") = "NetApiCon.Tests", "NetApiCon.Tests\NetApiCon.Tests.csproj", "{0566E855-1B3D-45F9-9DE0-E6E2BE1FCF40}"
EndProject
Project("{FAE04EC0-301F-11D3-BF4B-00C04F79EFBC}") = "Api.Tests.Common", "Api.Tests.Common\Api.Tests.Common.csproj", "{60F2D252-117D-42FA-8FC5-60142BCF212B}"
EndProject
Global
	GlobalSection(SolutionConfigurationPlatforms) = preSolution
		Debug|Any CPU = Debug|Any CPU
		Release|Any CPU = Release|Any CPU
	EndGlobalSection
	GlobalSection(ProjectConfigurationPlatforms) = postSolution
		{D16A0D7F-5F4D-450B-84C6-6EBE59AE9EB1}.Debug|Any CPU.ActiveCfg = Debug|Any CPU
		{D16A0D7F-5F4D-450B-84C6-6EBE59AE9EB1}.Debug|Any CPU.Build.0 = Debug|Any CPU
		{D16A0D7F-5F4D-450B-84C6-6EBE59AE9EB1}.Release|Any CPU.ActiveCfg = Release|Any CPU
		{D16A0D7F-5F4D-450B-84C6-6EBE59AE9EB1}.Release|Any CPU.Build.0 = Release|Any CPU
		{2785B37C-B4A1-436D-92B9-CA2EC55FBCD1}.Debug|Any CPU.ActiveCfg = Debug|Any CPU
		{2785B37C-B4A1-436D-92B9-CA2EC55FBCD1}.Debug|Any CPU.Build.0 = Debug|Any CPU
		{2785B37C-B4A1-436D-92B9-CA2EC55FBCD1}.Release|Any CPU.ActiveCfg = Release|Any CPU
		{2785B37C-B4A1-436D-92B9-CA2EC55FBCD1}.Release|Any CPU.Build.0 = Release|Any CPU
		{187CEBCD-6E8B-4181-A9F4-252DB2793F9A}.Debug|Any CPU.ActiveCfg = Debug|Any CPU
		{187CEBCD-6E8B-4181-A9F4-252DB2793F9A}.Debug|Any CPU.Build.0 = Debug|Any CPU
		{187CEBCD-6E8B-4181-A9F4-252DB2793F9A}.Release|Any CPU.ActiveCfg = Release|Any CPU
		{187CEBCD-6E8B-4181-A9F4-252DB2793F9A}.Release|Any CPU.Build.0 = Release|Any CPU
		{333E5F8B-4E30-4C0F-8CC5-B0644296C1CF}.Debug|Any CPU.ActiveCfg = Debug|Any CPU
		{333E5F8B-4E30-4C0F-8CC5-B0644296C1CF}.Debug|Any CPU.Build.0 = Debug|Any CPU
		{333E5F8B-4E30-4C0F-8CC5-B0644296C1CF}.Release|Any CPU.ActiveCfg = Release|Any CPU
		{333E5F8B-4E30-4C0F-8CC5-B0644296C1CF}.Release|Any CPU.Build.0 = Release|Any CPU
		{C7B0D4A6-C564-4B29-9468-AD5355AA0D26}.Debug|Any CPU.ActiveCfg = Debug|Any CPU
		{C7B0D4A6-C564-4B29-9468-AD5355AA0D26}.Debug|Any CPU.Build.0 = Debug|Any CPU
		{C7B0D4A6-C564-4B29-9468-AD5355AA0D26}.Release|Any CPU.ActiveCfg = Release|Any CPU
		{C7B0D4A6-C564-4B29-9468-AD5355AA0D26}.Release|Any CPU.Build.0 = Release|Any CPU
		{E38822A9-D85E-4039-902E-CE06D23E9B89}.Debug|Any CPU.ActiveCfg = Debug|Any CPU
		{E38822A9-D85E-4039-902E-CE06D23E9B89}.Debug|Any CPU.Build.0 = Debug|Any CPU
		{E38822A9-D85E-4039-902E-CE06D23E9B89}.Release|Any CPU.ActiveCfg = Release|Any CPU
		{E38822A9-D85E-4039-902E-CE06D23E9B89}.Release|Any CPU.Build.0 = Release|Any CPU
		{1F0FB3FA-71C5-468F-B353-750E0F0DB4E1}.Debug|Any CPU.ActiveCfg = Debug|Any CPU
		{1F0FB3FA-71C5-468F-B353-750E0F0DB4E1}.Debug|Any CPU.Build.0 = Debug|Any CPU
		{1F0FB3FA-71C5-468F-B353-750E0F0DB4E1}.Release|Any CPU.ActiveCfg = Release|Any CPU
		{1F0FB3FA-71C5-468F-B353-750E0F0DB4E1}.Release|Any CPU.Build.0 = Release|Any CPU
		{0566E855-1B3D-45F9-9DE0-E6E2BE1FCF40}.Debug|Any CPU.ActiveCfg = Debug|Any CPU
		{0566E855-1B3D-45F9-9DE0-E6E2BE1FCF40}.Debug|Any CPU.Build.0 = Debug|Any CPU
		{0566E855-1B3D-45F9-9DE0-E6E2BE1FCF40}.Release|Any CPU.ActiveCfg = Release|Any CPU
		{0566E855-1B3D-45F9-9DE0-E6E2BE1FCF40}.Release|Any CPU.Build.0 = Release|Any CPU
		{60F2D252-117D-42FA-8FC5-60142BCF212B}.Debug|Any CPU.ActiveCfg = Debug|Any CPU
		{60F2D252-117D-42FA-8FC5-60142BCF212B}.Debug|Any CPU.Build.0 = Debug|Any CPU
		{60F2D252-117D-42FA-8FC5-60142BCF212B}.Release|Any CPU.ActiveCfg = Release|Any CPU
		{60F2D252-117D-42FA-8FC5-60142BCF212B}.Release|Any CPU.Build.0 = Release|Any CPU
	EndGlobalSection
	GlobalSection(SolutionProperties) = preSolution
		HideSolutionNode = FALSE
	EndGlobalSection
	GlobalSection(NestedProjects) = preSolution
		{D16A0D7F-5F4D-450B-84C6-6EBE59AE9EB1} = {F455402B-AB51-4589-8BDD-4C54E979827C}
		{2785B37C-B4A1-436D-92B9-CA2EC55FBCD1} = {9605363E-7F57-4F8C-A6AF-B6943C403241}
		{187CEBCD-6E8B-4181-A9F4-252DB2793F9A} = {F455402B-AB51-4589-8BDD-4C54E979827C}
		{333E5F8B-4E30-4C0F-8CC5-B0644296C1CF} = {9605363E-7F57-4F8C-A6AF-B6943C403241}
		{C7B0D4A6-C564-4B29-9468-AD5355AA0D26} = {F455402B-AB51-4589-8BDD-4C54E979827C}
		{E38822A9-D85E-4039-902E-CE06D23E9B89} = {9605363E-7F57-4F8C-A6AF-B6943C403241}
		{1F0FB3FA-71C5-468F-B353-750E0F0DB4E1} = {9605363E-7F57-4F8C-A6AF-B6943C403241}
		{0566E855-1B3D-45F9-9DE0-E6E2BE1FCF40} = {9605363E-7F57-4F8C-A6AF-B6943C403241}
		{60F2D252-117D-42FA-8FC5-60142BCF212B} = {2AF2E3D9-C75E-4539-8D70-E20267028619}
	EndGlobalSection
	GlobalSection(ExtensibilityGlobals) = postSolution
		SolutionGuid = {9CE83795-3E10-4C14-9F53-A10014B6374B}
	EndGlobalSection
EndGlobal
